// !$*UTF8*$!
{
	archiveVersion = 1;
	classes = {
	};
	objectVersion = 46;
	objects = {

/* Begin PBXBuildFile section */
		10D939801B29B55D00DA50BB /* main.m in Sources */ = {isa = PBXBuildFile; fileRef = 10D9397F1B29B55D00DA50BB /* main.m */; };
		10D939831B29B55D00DA50BB /* AppDelegate.m in Sources */ = {isa = PBXBuildFile; fileRef = 10D939821B29B55D00DA50BB /* AppDelegate.m */; };
		10D939861B29B55D00DA50BB /* ViewController.m in Sources */ = {isa = PBXBuildFile; fileRef = 10D939851B29B55D00DA50BB /* ViewController.m */; };
		10D939891B29B55D00DA50BB /* Main.storyboard in Resources */ = {isa = PBXBuildFile; fileRef = 10D939871B29B55D00DA50BB /* Main.storyboard */; };
		10D9398B1B29B55D00DA50BB /* Images.xcassets in Resources */ = {isa = PBXBuildFile; fileRef = 10D9398A1B29B55D00DA50BB /* Images.xcassets */; };
		10D9398E1B29B55D00DA50BB /* LaunchScreen.xib in Resources */ = {isa = PBXBuildFile; fileRef = 10D9398C1B29B55D00DA50BB /* LaunchScreen.xib */; };
		10D9399A1B29B55D00DA50BB /* tipTests.m in Sources */ = {isa = PBXBuildFile; fileRef = 10D939991B29B55D00DA50BB /* tipTests.m */; };
		10D939AC1B29B7CD00DA50BB /* TipViewController.m in Sources */ = {isa = PBXBuildFile; fileRef = 10D939AA1B29B7CD00DA50BB /* TipViewController.m */; };
		10D939AD1B29B7CD00DA50BB /* TipViewController.xib in Resources */ = {isa = PBXBuildFile; fileRef = 10D939AB1B29B7CD00DA50BB /* TipViewController.xib */; };
		10D939B61B29CA2800DA50BB /* SettingsViewController.m in Sources */ = {isa = PBXBuildFile; fileRef = 10D939B41B29CA2800DA50BB /* SettingsViewController.m */; };
		10D939B71B29CA2800DA50BB /* SettingsViewController.xib in Resources */ = {isa = PBXBuildFile; fileRef = 10D939B51B29CA2800DA50BB /* SettingsViewController.xib */; };
/* End PBXBuildFile section */

/* Begin PBXContainerItemProxy section */
		10D939941B29B55D00DA50BB /* PBXContainerItemProxy */ = {
			isa = PBXContainerItemProxy;
			containerPortal = 10D939721B29B55D00DA50BB /* Project object */;
			proxyType = 1;
			remoteGlobalIDString = 10D939791B29B55D00DA50BB;
			remoteInfo = tip;
		};
/* End PBXContainerItemProxy section */

/* Begin PBXFileReference section */
		10D9397A1B29B55D00DA50BB /* tip.app */ = {isa = PBXFileReference; explicitFileType = wrapper.application; includeInIndex = 0; path = tip.app; sourceTree = BUILT_PRODUCTS_DIR; };
		10D9397E1B29B55D00DA50BB /* Info.plist */ = {isa = PBXFileReference; lastKnownFileType = text.plist.xml; path = Info.plist; sourceTree = "<group>"; };
		10D9397F1B29B55D00DA50BB /* main.m */ = {isa = PBXFileReference; lastKnownFileType = sourcecode.c.objc; path = main.m; sourceTree = "<group>"; };
		10D939811B29B55D00DA50BB /* AppDelegate.h */ = {isa = PBXFileReference; lastKnownFileType = sourcecode.c.h; path = AppDelegate.h; sourceTree = "<group>"; };
		10D939821B29B55D00DA50BB /* AppDelegate.m */ = {isa = PBXFileReference; lastKnownFileType = sourcecode.c.objc; path = AppDelegate.m; sourceTree = "<group>"; };
		10D939841B29B55D00DA50BB /* ViewController.h */ = {isa = PBXFileReference; lastKnownFileType = sourcecode.c.h; path = ViewController.h; sourceTree = "<group>"; };
		10D939851B29B55D00DA50BB /* ViewController.m */ = {isa = PBXFileReference; lastKnownFileType = sourcecode.c.objc; path = ViewController.m; sourceTree = "<group>"; };
		10D939881B29B55D00DA50BB /* Base */ = {isa = PBXFileReference; lastKnownFileType = file.storyboard; name = Base; path = Base.lproj/Main.storyboard; sourceTree = "<group>"; };
		10D9398A1B29B55D00DA50BB /* Images.xcassets */ = {isa = PBXFileReference; lastKnownFileType = folder.assetcatalog; path = Images.xcassets; sourceTree = "<group>"; };
		10D9398D1B29B55D00DA50BB /* Base */ = {isa = PBXFileReference; lastKnownFileType = file.xib; name = Base; path = Base.lproj/LaunchScreen.xib; sourceTree = "<group>"; };
		10D939931B29B55D00DA50BB /* tipTests.xctest */ = {isa = PBXFileReference; explicitFileType = wrapper.cfbundle; includeInIndex = 0; path = tipTests.xctest; sourceTree = BUILT_PRODUCTS_DIR; };
		10D939981B29B55D00DA50BB /* Info.plist */ = {isa = PBXFileReference; lastKnownFileType = text.plist.xml; path = Info.plist; sourceTree = "<group>"; };
		10D939991B29B55D00DA50BB /* tipTests.m */ = {isa = PBXFileReference; lastKnownFileType = sourcecode.c.objc; path = tipTests.m; sourceTree = "<group>"; };
		10D939A91B29B7CD00DA50BB /* TipViewController.h */ = {isa = PBXFileReference; fileEncoding = 4; lastKnownFileType = sourcecode.c.h; path = TipViewController.h; sourceTree = "<group>"; };
		10D939AA1B29B7CD00DA50BB /* TipViewController.m */ = {isa = PBXFileReference; fileEncoding = 4; lastKnownFileType = sourcecode.c.objc; path = TipViewController.m; sourceTree = "<group>"; };
		10D939AB1B29B7CD00DA50BB /* TipViewController.xib */ = {isa = PBXFileReference; fileEncoding = 4; lastKnownFileType = file.xib; path = TipViewController.xib; sourceTree = "<group>"; };
		10D939B31B29CA2800DA50BB /* SettingsViewController.h */ = {isa = PBXFileReference; fileEncoding = 4; lastKnownFileType = sourcecode.c.h; path = SettingsViewController.h; sourceTree = "<group>"; };
		10D939B41B29CA2800DA50BB /* SettingsViewController.m */ = {isa = PBXFileReference; fileEncoding = 4; lastKnownFileType = sourcecode.c.objc; path = SettingsViewController.m; sourceTree = "<group>"; };
		10D939B51B29CA2800DA50BB /* SettingsViewController.xib */ = {isa = PBXFileReference; fileEncoding = 4; lastKnownFileType = file.xib; path = SettingsViewController.xib; sourceTree = "<group>"; };
/* End PBXFileReference section */

/* Begin PBXFrameworksBuildPhase section */
		10D939771B29B55D00DA50BB /* Frameworks */ = {
			isa = PBXFrameworksBuildPhase;
			buildActionMask = 2147483647;
			files = (
			);
			runOnlyForDeploymentPostprocessing = 0;
		};
		10D939901B29B55D00DA50BB /* Frameworks */ = {
			isa = PBXFrameworksBuildPhase;
			buildActionMask = 2147483647;
			files = (
			);
			runOnlyForDeploymentPostprocessing = 0;
		};
/* End PBXFrameworksBuildPhase section */

/* Begin PBXGroup section */
		10D939711B29B55D00DA50BB = {
			isa = PBXGroup;
			children = (
				10D9397C1B29B55D00DA50BB /* tip */,
				10D939961B29B55D00DA50BB /* tipTests */,
				10D9397B1B29B55D00DA50BB /* Products */,
			);
			sourceTree = "<group>";
		};
		10D9397B1B29B55D00DA50BB /* Products */ = {
			isa = PBXGroup;
			children = (
				10D9397A1B29B55D00DA50BB /* tip.app */,
				10D939931B29B55D00DA50BB /* tipTests.xctest */,
			);
			name = Products;
			sourceTree = "<group>";
		};
		10D9397C1B29B55D00DA50BB /* tip */ = {
			isa = PBXGroup;
			children = (
				10D939811B29B55D00DA50BB /* AppDelegate.h */,
				10D939821B29B55D00DA50BB /* AppDelegate.m */,
				10D939841B29B55D00DA50BB /* ViewController.h */,
				10D939851B29B55D00DA50BB /* ViewController.m */,
				10D939871B29B55D00DA50BB /* Main.storyboard */,
				10D9398A1B29B55D00DA50BB /* Images.xcassets */,
				10D9398C1B29B55D00DA50BB /* LaunchScreen.xib */,
				10D9397D1B29B55D00DA50BB /* Supporting Files */,
				10D939A91B29B7CD00DA50BB /* TipViewController.h */,
				10D939AA1B29B7CD00DA50BB /* TipViewController.m */,
				10D939AB1B29B7CD00DA50BB /* TipViewController.xib */,
				10D939B31B29CA2800DA50BB /* SettingsViewController.h */,
				10D939B41B29CA2800DA50BB /* SettingsViewController.m */,
				10D939B51B29CA2800DA50BB /* SettingsViewController.xib */,
			);
			path = tip;
			sourceTree = "<group>";
		};
		10D9397D1B29B55D00DA50BB /* Supporting Files */ = {
			isa = PBXGroup;
			children = (
				10D9397E1B29B55D00DA50BB /* Info.plist */,
				10D9397F1B29B55D00DA50BB /* main.m */,
			);
			name = "Supporting Files";
			sourceTree = "<group>";
		};
		10D939961B29B55D00DA50BB /* tipTests */ = {
			isa = PBXGroup;
			children = (
				10D939991B29B55D00DA50BB /* tipTests.m */,
				10D939971B29B55D00DA50BB /* Supporting Files */,
			);
			path = tipTests;
			sourceTree = "<group>";
		};
		10D939971B29B55D00DA50BB /* Supporting Files */ = {
			isa = PBXGroup;
			children = (
				10D939981B29B55D00DA50BB /* Info.plist */,
			);
			name = "Supporting Files";
			sourceTree = "<group>";
		};
/* End PBXGroup section */

/* Begin PBXNativeTarget section */
		10D939791B29B55D00DA50BB /* tip */ = {
			isa = PBXNativeTarget;
			buildConfigurationList = 10D9399D1B29B55D00DA50BB /* Build configuration list for PBXNativeTarget "tip" */;
			buildPhases = (
				10D939761B29B55D00DA50BB /* Sources */,
				10D939771B29B55D00DA50BB /* Frameworks */,
				10D939781B29B55D00DA50BB /* Resources */,
			);
			buildRules = (
			);
			dependencies = (
			);
			name = tip;
			productName = tip;
			productReference = 10D9397A1B29B55D00DA50BB /* tip.app */;
			productType = "com.apple.product-type.application";
		};
		10D939921B29B55D00DA50BB /* tipTests */ = {
			isa = PBXNativeTarget;
			buildConfigurationList = 10D939A01B29B55D00DA50BB /* Build configuration list for PBXNativeTarget "tipTests" */;
			buildPhases = (
				10D9398F1B29B55D00DA50BB /* Sources */,
				10D939901B29B55D00DA50BB /* Frameworks */,
				10D939911B29B55D00DA50BB /* Resources */,
			);
			buildRules = (
			);
			dependencies = (
				10D939951B29B55D00DA50BB /* PBXTargetDependency */,
			);
			name = tipTests;
			productName = tipTests;
			productReference = 10D939931B29B55D00DA50BB /* tipTests.xctest */;
			productType = "com.apple.product-type.bundle.unit-test";
		};
/* End PBXNativeTarget section */

/* Begin PBXProject section */
		10D939721B29B55D00DA50BB /* Project object */ = {
			isa = PBXProject;
			attributes = {
				LastUpgradeCheck = 0630;
				ORGANIZATIONNAME = "Man-Chun Hsieh";
				TargetAttributes = {
					10D939791B29B55D00DA50BB = {
						CreatedOnToolsVersion = 6.3.2;
					};
					10D939921B29B55D00DA50BB = {
						CreatedOnToolsVersion = 6.3.2;
						TestTargetID = 10D939791B29B55D00DA50BB;
					};
				};
			};
			buildConfigurationList = 10D939751B29B55D00DA50BB /* Build configuration list for PBXProject "tip" */;
			compatibilityVersion = "Xcode 3.2";
			developmentRegion = English;
			hasScannedForEncodings = 0;
			knownRegions = (
				en,
				Base,
			);
			mainGroup = 10D939711B29B55D00DA50BB;
			productRefGroup = 10D9397B1B29B55D00DA50BB /* Products */;
			projectDirPath = "";
			projectRoot = "";
			targets = (
				10D939791B29B55D00DA50BB /* tip */,
				10D939921B29B55D00DA50BB /* tipTests */,
			);
		};
/* End PBXProject section */

/* Begin PBXResourcesBuildPhase section */
		10D939781B29B55D00DA50BB /* Resources */ = {
			isa = PBXResourcesBuildPhase;
			buildActionMask = 2147483647;
			files = (
				10D939891B29B55D00DA50BB /* Main.storyboard in Resources */,
				10D9398E1B29B55D00DA50BB /* LaunchScreen.xib in Resources */,
				10D939AD1B29B7CD00DA50BB /* TipViewController.xib in Resources */,
				10D9398B1B29B55D00DA50BB /* Images.xcassets in Resources */,
				10D939B71B29CA2800DA50BB /* SettingsViewController.xib in Resources */,
			);
			runOnlyForDeploymentPostprocessing = 0;
		};
		10D939911B29B55D00DA50BB /* Resources */ = {
			isa = PBXResourcesBuildPhase;
			buildActionMask = 2147483647;
			files = (
			);
			runOnlyForDeploymentPostprocessing = 0;
		};
/* End PBXResourcesBuildPhase section */

/* Begin PBXSourcesBuildPhase section */
		10D939761B29B55D00DA50BB /* Sources */ = {
			isa = PBXSourcesBuildPhase;
			buildActionMask = 2147483647;
			files = (
				10D939861B29B55D00DA50BB /* ViewController.m in Sources */,
				10D939831B29B55D00DA50BB /* AppDelegate.m in Sources */,
				10D939B61B29CA2800DA50BB /* SettingsViewController.m in Sources */,
				10D939AC1B29B7CD00DA50BB /* TipViewController.m in Sources */,
				10D939801B29B55D00DA50BB /* main.m in Sources */,
			);
			runOnlyForDeploymentPostprocessing = 0;
		};
		10D9398F1B29B55D00DA50BB /* Sources */ = {
			isa = PBXSourcesBuildPhase;
			buildActionMask = 2147483647;
			files = (
				10D9399A1B29B55D00DA50BB /* tipTests.m in Sources */,
			);
			runOnlyForDeploymentPostprocessing = 0;
		};
/* End PBXSourcesBuildPhase section */

/* Begin PBXTargetDependency section */
		10D939951B29B55D00DA50BB /* PBXTargetDependency */ = {
			isa = PBXTargetDependency;
			target = 10D939791B29B55D00DA50BB /* tip */;
			targetProxy = 10D939941B29B55D00DA50BB /* PBXContainerItemProxy */;
		};
/* End PBXTargetDependency section */

/* Begin PBXVariantGroup section */
		10D939871B29B55D00DA50BB /* Main.storyboard */ = {
			isa = PBXVariantGroup;
			children = (
				10D939881B29B55D00DA50BB /* Base */,
			);
			name = Main.storyboard;
			sourceTree = "<group>";
		};
		10D9398C1B29B55D00DA50BB /* LaunchScreen.xib */ = {
			isa = PBXVariantGroup;
			children = (
				10D9398D1B29B55D00DA50BB /* Base */,
			);
			name = LaunchScreen.xib;
			sourceTree = "<group>";
		};
/* End PBXVariantGroup section */

/* Begin XCBuildConfiguration section */
		10D9399B1B29B55D00DA50BB /* Debug */ = {
			isa = XCBuildConfiguration;
			buildSettings = {
				ALWAYS_SEARCH_USER_PATHS = NO;
				CLANG_CXX_LANGUAGE_STANDARD = "gnu++0x";
				CLANG_CXX_LIBRARY = "libc++";
				CLANG_ENABLE_MODULES = YES;
				CLANG_ENABLE_OBJC_ARC = YES;
				CLANG_WARN_BOOL_CONVERSION = YES;
				CLANG_WARN_CONSTANT_CONVERSION = YES;
				CLANG_WARN_DIRECT_OBJC_ISA_USAGE = YES_ERROR;
				CLANG_WARN_EMPTY_BODY = YES;
				CLANG_WARN_ENUM_CONVERSION = YES;
				CLANG_WARN_INT_CONVERSION = YES;
				CLANG_WARN_OBJC_ROOT_CLASS = YES_ERROR;
				CLANG_WARN_UNREACHABLE_CODE = YES;
				CLANG_WARN__DUPLICATE_METHOD_MATCH = YES;
				"CODE_SIGN_IDENTITY[sdk=iphoneos*]" = "iPhone Developer";
				COPY_PHASE_STRIP = NO;
				DEBUG_INFORMATION_FORMAT = "dwarf-with-dsym";
				ENABLE_STRICT_OBJC_MSGSEND = YES;
				GCC_C_LANGUAGE_STANDARD = gnu99;
				GCC_DYNAMIC_NO_PIC = NO;
				GCC_NO_COMMON_BLOCKS = YES;
				GCC_OPTIMIZATION_LEVEL = 0;
				GCC_PREPROCESSOR_DEFINITIONS = (
					"DEBUG=1",
					"$(inherited)",
				);
				GCC_SYMBOLS_PRIVATE_EXTERN = NO;
				GCC_WARN_64_TO_32_BIT_CONVERSION = YES;
				GCC_WARN_ABOUT_RETURN_TYPE = YES_ERROR;
				GCC_WARN_UNDECLARED_SELECTOR = YES;
				GCC_WARN_UNINITIALIZED_AUTOS = YES_AGGRESSIVE;
				GCC_WARN_UNUSED_FUNCTION = YES;
				GCC_WARN_UNUSED_VARIABLE = YES;
				IPHONEOS_DEPLOYMENT_TARGET = 8.3;
				MTL_ENABLE_DEBUG_INFO = YES;
				ONLY_ACTIVE_ARCH = YES;
				SDKROOT = iphoneos;
			};
			name = Debug;
		};
		10D9399C1B29B55D00DA50BB /* Release */ = {
			isa = XCBuildConfiguration;
			buildSettings = {
				ALWAYS_SEARCH_USER_PATHS = NO;
				CLANG_CXX_LANGUAGE_STANDARD = "gnu++0x";
				CLANG_CXX_LIBRARY = "libc++";
				CLANG_ENABLE_MODULES = YES;
				CLANG_ENABLE_OBJC_ARC = YES;
				CLANG_WARN_BOOL_CONVERSION = YES;
				CLANG_WARN_CONSTANT_CONVERSION = YES;
				CLANG_WARN_DIRECT_OBJC_ISA_USAGE = YES_ERROR;
				CLANG_WARN_EMPTY_BODY = YES;
				CLANG_WARN_ENUM_CONVERSION = YES;
				CLANG_WARN_INT_CONVERSION = YES;
				CLANG_WARN_OBJC_ROOT_CLASS = YES_ERROR;
				CLANG_WARN_UNREACHABLE_CODE = YES;
				CLANG_WARN__DUPLICATE_METHOD_MATCH = YES;
				"CODE_SIGN_IDENTITY[sdk=iphoneos*]" = "iPhone Developer";
				COPY_PHASE_STRIP = NO;
				DEBUG_INFORMATION_FORMAT = "dwarf-with-dsym";
				ENABLE_NS_ASSERTIONS = NO;
				ENABLE_STRICT_OBJC_MSGSEND = YES;
				GCC_C_LANGUAGE_STANDARD = gnu99;
				GCC_NO_COMMON_BLOCKS = YES;
				GCC_WARN_64_TO_32_BIT_CONVERSION = YES;
				GCC_WARN_ABOUT_RETURN_TYPE = YES_ERROR;
				GCC_WARN_UNDECLARED_SELECTOR = YES;
				GCC_WARN_UNINITIALIZED_AUTOS = YES_AGGRESSIVE;
				GCC_WARN_UNUSED_FUNCTION = YES;
				GCC_WARN_UNUSED_VARIABLE = YES;
				IPHONEOS_DEPLOYMENT_TARGET = 8.3;
				MTL_ENABLE_DEBUG_INFO = NO;
				SDKROOT = iphoneos;
				VALIDATE_PRODUCT = YES;
			};
			name = Release;
		};
		10D9399E1B29B55D00DA50BB /* Debug */ = {
			isa = XCBuildConfiguration;
			buildSettings = {
				ASSETCATALOG_COMPILER_APPICON_NAME = AppIcon;
				INFOPLIST_FILE = tip/Info.plist;
				LD_RUNPATH_SEARCH_PATHS = "$(inherited) @executable_path/Frameworks";
				PRODUCT_NAME = "$(TARGET_NAME)";
			};
			name = Debug;
		};
		10D9399F1B29B55D00DA50BB /* Release */ = {
			isa = XCBuildConfiguration;
			buildSettings = {
				ASSETCATALOG_COMPILER_APPICON_NAME = AppIcon;
				INFOPLIST_FILE = tip/Info.plist;
				LD_RUNPATH_SEARCH_PATHS = "$(inherited) @executable_path/Frameworks";
				PRODUCT_NAME = "$(TARGET_NAME)";
			};
			name = Release;
		};
		10D939A11B29B55D00DA50BB /* Debug */ = {
			isa = XCBuildConfiguration;
			buildSettings = {
				BUNDLE_LOADER = "$(TEST_HOST)";
				FRAMEWORK_SEARCH_PATHS = (
					"$(SDKROOT)/Developer/Library/Frameworks",
					"$(inherited)",
				);
				GCC_PREPROCESSOR_DEFINITIONS = (
					"DEBUG=1",
					"$(inherited)",
				);
				INFOPLIST_FILE = tipTests/Info.plist;
				LD_RUNPATH_SEARCH_PATHS = "$(inherited) @executable_path/Frameworks @loader_path/Frameworks";
				PRODUCT_NAME = "$(TARGET_NAME)";
				TEST_HOST = "$(BUILT_PRODUCTS_DIR)/tip.app/tip";
			};
			name = Debug;
		};
		10D939A21B29B55D00DA50BB /* Release */ = {
			isa = XCBuildConfiguration;
			buildSettings = {
				BUNDLE_LOADER = "$(TEST_HOST)";
				FRAMEWORK_SEARCH_PATHS = (
					"$(SDKROOT)/Developer/Library/Frameworks",
					"$(inherited)",
				);
				INFOPLIST_FILE = tipTests/Info.plist;
				LD_RUNPATH_SEARCH_PATHS = "$(inherited) @executable_path/Frameworks @loader_path/Frameworks";
				PRODUCT_NAME = "$(TARGET_NAME)";
				TEST_HOST = "$(BUILT_PRODUCTS_DIR)/tip.app/tip";
			};
			name = Release;
		};
/* End XCBuildConfiguration section */

/* Begin XCConfigurationList section */
		10D939751B29B55D00DA50BB /* Build configuration list for PBXProject "tip" */ = {
			isa = XCConfigurationList;
			buildConfigurations = (
				10D9399B1B29B55D00DA50BB /* Debug */,
				10D9399C1B29B55D00DA50BB /* Release */,
			);
			defaultConfigurationIsVisible = 0;
			defaultConfigurationName = Release;
		};
		10D9399D1B29B55D00DA50BB /* Build configuration list for PBXNativeTarget "tip" */ = {
			isa = XCConfigurationList;
			buildConfigurations = (
				10D9399E1B29B55D00DA50BB /* Debug */,
				10D9399F1B29B55D00DA50BB /* Release */,
			);
			defaultConfigurationIsVisible = 0;
		};
		10D939A01B29B55D00DA50BB /* Build configuration list for PBXNativeTarget "tipTests" */ = {
			isa = XCConfigurationList;
			buildConfigurations = (
				10D939A11B29B55D00DA50BB /* Debug */,
				10D939A21B29B55D00DA50BB /* Release */,
			);
			defaultConfigurationIsVisible = 0;
		};
/* End XCConfigurationList section */
	};
	rootObject = 10D939721B29B55D00DA50BB /* Project object */;
}
